
Microsoft Visual Studio Solution File, Format Version 12.00
# Visual Studio Version 17
VisualStudioVersion = 17.0.32014.148
MinimumVisualStudioVersion = 10.0.40219.1
Project("{9A19103F-16F7-4668-BE54-9A1E7A4F7556}") = "CPMM", "CPMM\CPMM.csproj", "{D1BD752A-7D5C-4C99-A4E2-D46E8A96C5E7}"
EndProject
Project("{2150E333-8FDC-42A3-9474-1A3956D46DE8}") = "Modules", "Modules", "{E3CF7CC2-5191-49BD-9E98-A1996209E7BD}"
EndProject
Project("{FAE04EC0-301F-11D3-BF4B-00C04F79EFBC}") = "CPMM.Core", "Modules\CPMM.Core\CPMM.Core.csproj", "{911BD121-4919-46ED-88B0-95D1E7D59D36}"
EndProject
Global
	GlobalSection(SolutionConfigurationPlatforms) = preSolution
		Debug|Any CPU = Debug|Any CPU
		Release|Any CPU = Release|Any CPU
	EndGlobalSection
	GlobalSection(ProjectConfigurationPlatforms) = postSolution
		{D1BD752A-7D5C-4C99-A4E2-D46E8A96C5E7}.Debug|Any CPU.ActiveCfg = Debug|Any CPU
		{D1BD752A-7D5C-4C99-A4E2-D46E8A96C5E7}.Debug|Any CPU.Build.0 = Debug|Any CPU
		{D1BD752A-7D5C-4C99-A4E2-D46E8A96C5E7}.Release|Any CPU.ActiveCfg = Release|Any CPU
		{D1BD752A-7D5C-4C99-A4E2-D46E8A96C5E7}.Release|Any CPU.Build.0 = Release|Any CPU
		{911BD121-4919-46ED-88B0-95D1E7D59D36}.Debug|Any CPU.ActiveCfg = Debug|Any CPU
		{911BD121-4919-46ED-88B0-95D1E7D59D36}.Debug|Any CPU.Build.0 = Debug|Any CPU
		{911BD121-4919-46ED-88B0-95D1E7D59D36}.Release|Any CPU.ActiveCfg = Release|Any CPU
		{911BD121-4919-46ED-88B0-95D1E7D59D36}.Release|Any CPU.Build.0 = Release|Any CPU
	EndGlobalSection
	GlobalSection(SolutionProperties) = preSolution
		HideSolutionNode = FALSE
	EndGlobalSection
	GlobalSection(NestedProjects) = preSolution
		{911BD121-4919-46ED-88B0-95D1E7D59D36} = {E3CF7CC2-5191-49BD-9E98-A1996209E7BD}
	EndGlobalSection
	GlobalSection(ExtensibilityGlobals) = postSolution
		SolutionGuid = {D0109A2F-0EC8-4037-9197-58848A2F3598}
	EndGlobalSection
EndGlobal
